lockfileVersion: '9.0'

settings:
  autoInstallPeers: true
  excludeLinksFromLockfile: false

importers:

  .:
    dependencies:
      '@azure/msal-browser':
        specifier: ^4.13.2
        version: 4.13.2
      react-router-dom:
        specifier: ^7.6.2
        version: 7.6.2(react-dom@19.1.0(react@19.1.0))(react@19.1.0)

packages:

  '@azure/msal-browser@4.13.2':
    resolution: {integrity: sha512-lS75bF6FYZRwsacKLXc8UYu/jb+gOB7dtZq5938chCvV/zKTFDnzuXxCXhsSUh0p8s/P8ztgbfdueD9lFARQlQ==}
    engines: {node: '>=0.8.0'}

  '@azure/msal-common@15.7.1':
    resolution: {integrity: sha512-a0eowoYfRfKZEjbiCoA5bPT3IlWRAdGSvi63OU23Hv+X6EI8gbvXCoeqokUceFMoT9NfRUWTJSx5FiuzruqT8g==}
    engines: {node: '>=0.8.0'}

  cookie@1.0.2:
    resolution: {integrity: sha512-9Kr/j4O16ISv8zBBhJoi4bXOYNTkFLOqSL3UDB0njXxCXNezjeyVrJyGOWtgfs/q2km1gwBcfH8q1yEGoMYunA==}
    engines: {node: '>=18'}

  react-dom@19.1.0:
    resolution: {integrity: sha512-Xs1hdnE+DyKgeHJeJznQmYMIBG3TKIHJJT95Q58nHLSrElKlGQqDTR2HQ9fx5CN/Gk6Vh/kupBTDLU11/nDk/g==}
    peerDependencies:
      react: ^19.1.0

  react-router-dom@7.6.2:
    resolution: {integrity: sha512-Q8zb6VlTbdYKK5JJBLQEN06oTUa/RAbG/oQS1auK1I0TbJOXktqm+QENEVJU6QvWynlXPRBXI3fiOQcSEA78rA==}
    engines: {node: '>=20.0.0'}
    peerDependencies:
      react: '>=18'
      react-dom: '>=18'

  react-router@7.6.2:
    resolution: {integrity: sha512-U7Nv3y+bMimgWjhlT5CRdzHPu2/KVmqPwKUCChW8en5P3znxUqwlYFlbmyj8Rgp1SF6zs5X4+77kBVknkg6a0w==}
    engines: {node: '>=20.0.0'}
    peerDependencies:
      react: '>=18'
      react-dom: '>=18'
    peerDependenciesMeta:
      react-dom:
        optional: true

  react@19.1.0:
    resolution: {integrity: sha512-FS+XFBNvn3GTAWq26joslQgWNoFu08F4kl0J4CgdNKADkdSGXQyTCnKteIAJy96Br6YbpEU1LSzV5dYtjMkMDg==}
    engines: {node: '>=0.10.0'}

  scheduler@0.26.0:
    resolution: {integrity: sha512-NlHwttCI/l5gCPR3D1nNXtWABUmBwvZpEQiD4IXSbIDq8BzLIK/7Ir5gTFSGZDUu37K5cMNp0hFtzO38sC7gWA==}

  set-cookie-parser@2.7.1:
    resolution: {integrity: sha512-IOc8uWeOZgnb3ptbCURJWNjWUPcO3ZnTTdzsurqERrP6nPyv+paC55vJM0LpOlT2ne+Ix+9+CRG1MNLlyZ4GjQ==}

snapshots:

  '@azure/msal-browser@4.13.2':
    dependencies:
      '@azure/msal-common': 15.7.1

  '@azure/msal-common@15.7.1': {}

  cookie@1.0.2: {}

  react-dom@19.1.0(react@19.1.0):
    dependencies:
      react: 19.1.0
      scheduler: 0.26.0

  react-router-dom@7.6.2(react-dom@19.1.0(react@19.1.0))(react@19.1.0):
    dependencies:
      react: 19.1.0
      react-dom: 19.1.0(react@19.1.0)
      react-router: 7.6.2(react-dom@19.1.0(react@19.1.0))(react@19.1.0)

  react-router@7.6.2(react-dom@19.1.0(react@19.1.0))(react@19.1.0):
    dependencies:
      cookie: 1.0.2
      react: 19.1.0
      set-cookie-parser: 2.7.1
    optionalDependencies:
      react-dom: 19.1.0(react@19.1.0)

  react@19.1.0: {}

  scheduler@0.26.0: {}

  set-cookie-parser@2.7.1: {}
